// !$*UTF8*$!
{
	archiveVersion = 1;
	classes = {
	};
	objectVersion = 56;
	objects = {

/* Begin PBXBuildFile section */
		64C08A502C82A0620017E510 /* FlashCardAppApp.swift in Sources */ = {isa = PBXBuildFile; fileRef = 64C08A4F2C82A0620017E510 /* FlashCardAppApp.swift */; };
		64C08A522C82A0620017E510 /* ContentView.swift in Sources */ = {isa = PBXBuildFile; fileRef = 64C08A512C82A0620017E510 /* ContentView.swift */; };
		64C08A542C82A0620017E510 /* Item.swift in Sources */ = {isa = PBXBuildFile; fileRef = 64C08A532C82A0620017E510 /* Item.swift */; };
		64C08A562C82A0650017E510 /* Assets.xcassets in Resources */ = {isa = PBXBuildFile; fileRef = 64C08A552C82A0650017E510 /* Assets.xcassets */; };
		64C08A592C82A0650017E510 /* Preview Assets.xcassets in Resources */ = {isa = PBXBuildFile; fileRef = 64C08A582C82A0650017E510 /* Preview Assets.xcassets */; };
		64C08A632C82A0660017E510 /* FlashCardAppTests.swift in Sources */ = {isa = PBXBuildFile; fileRef = 64C08A622C82A0660017E510 /* FlashCardAppTests.swift */; };
		64C08A6D2C82A0660017E510 /* FlashCardAppUITests.swift in Sources */ = {isa = PBXBuildFile; fileRef = 64C08A6C2C82A0660017E510 /* FlashCardAppUITests.swift */; };
		64C08A6F2C82A0660017E510 /* FlashCardAppUITestsLaunchTests.swift in Sources */ = {isa = PBXBuildFile; fileRef = 64C08A6E2C82A0660017E510 /* FlashCardAppUITestsLaunchTests.swift */; };
		64C08A7C2C82A2A30017E510 /* Card.swift in Sources */ = {isa = PBXBuildFile; fileRef = 64C08A7B2C82A2A30017E510 /* Card.swift */; };
		64D5C0DE2C8491FB005E5B77 /* DeckCard.swift in Sources */ = {isa = PBXBuildFile; fileRef = 64D5C0DD2C8491FB005E5B77 /* DeckCard.swift */; };
		64D5C0E02C849409005E5B77 /* ManageDeck.swift in Sources */ = {isa = PBXBuildFile; fileRef = 64D5C0DF2C849409005E5B77 /* ManageDeck.swift */; };
/* End PBXBuildFile section */

/* Begin PBXContainerItemProxy section */
		64C08A5F2C82A0660017E510 /* PBXContainerItemProxy */ = {
			isa = PBXContainerItemProxy;
			containerPortal = 64C08A442C82A0620017E510 /* Project object */;
			proxyType = 1;
			remoteGlobalIDString = 64C08A4B2C82A0620017E510;
			remoteInfo = FlashCardApp;
		};
		64C08A692C82A0660017E510 /* PBXContainerItemProxy */ = {
			isa = PBXContainerItemProxy;
			containerPortal = 64C08A442C82A0620017E510 /* Project object */;
			proxyType = 1;
			remoteGlobalIDString = 64C08A4B2C82A0620017E510;
			remoteInfo = FlashCardApp;
		};
/* End PBXContainerItemProxy section */

/* Begin PBXFileReference section */
		64C08A4C2C82A0620017E510 /* FlashCardApp.app */ = {isa = PBXFileReference; explicitFileType = wrapper.application; includeInIndex = 0; path = FlashCardApp.app; sourceTree = BUILT_PRODUCTS_DIR; };
		64C08A4F2C82A0620017E510 /* FlashCardAppApp.swift */ = {isa = PBXFileReference; lastKnownFileType = sourcecode.swift; path = FlashCardAppApp.swift; sourceTree = "<group>"; };
		64C08A512C82A0620017E510 /* ContentView.swift */ = {isa = PBXFileReference; lastKnownFileType = sourcecode.swift; path = ContentView.swift; sourceTree = "<group>"; };
		64C08A532C82A0620017E510 /* Item.swift */ = {isa = PBXFileReference; lastKnownFileType = sourcecode.swift; path = Item.swift; sourceTree = "<group>"; };
		64C08A552C82A0650017E510 /* Assets.xcassets */ = {isa = PBXFileReference; lastKnownFileType = folder.assetcatalog; path = Assets.xcassets; sourceTree = "<group>"; };
		64C08A582C82A0650017E510 /* Preview Assets.xcassets */ = {isa = PBXFileReference; lastKnownFileType = folder.assetcatalog; path = "Preview Assets.xcassets"; sourceTree = "<group>"; };
		64C08A5E2C82A0660017E510 /* FlashCardAppTests.xctest */ = {isa = PBXFileReference; explicitFileType = wrapper.cfbundle; includeInIndex = 0; path = FlashCardAppTests.xctest; sourceTree = BUILT_PRODUCTS_DIR; };
		64C08A622C82A0660017E510 /* FlashCardAppTests.swift */ = {isa = PBXFileReference; lastKnownFileType = sourcecode.swift; path = FlashCardAppTests.swift; sourceTree = "<group>"; };
		64C08A682C82A0660017E510 /* FlashCardAppUITests.xctest */ = {isa = PBXFileReference; explicitFileType = wrapper.cfbundle; includeInIndex = 0; path = FlashCardAppUITests.xctest; sourceTree = BUILT_PRODUCTS_DIR; };
		64C08A6C2C82A0660017E510 /* FlashCardAppUITests.swift */ = {isa = PBXFileReference; lastKnownFileType = sourcecode.swift; path = FlashCardAppUITests.swift; sourceTree = "<group>"; };
		64C08A6E2C82A0660017E510 /* FlashCardAppUITestsLaunchTests.swift */ = {isa = PBXFileReference; lastKnownFileType = sourcecode.swift; path = FlashCardAppUITestsLaunchTests.swift; sourceTree = "<group>"; };
		64C08A7B2C82A2A30017E510 /* Card.swift */ = {isa = PBXFileReference; lastKnownFileType = sourcecode.swift; path = Card.swift; sourceTree = "<group>"; };
		64D5C0DD2C8491FB005E5B77 /* DeckCard.swift */ = {isa = PBXFileReference; lastKnownFileType = sourcecode.swift; path = DeckCard.swift; sourceTree = "<group>"; };
		64D5C0DF2C849409005E5B77 /* ManageDeck.swift */ = {isa = PBXFileReference; lastKnownFileType = sourcecode.swift; path = ManageDeck.swift; sourceTree = "<group>"; };
/* End PBXFileReference section */

/* Begin PBXFrameworksBuildPhase section */
		64C08A492C82A0620017E510 /* Frameworks */ = {
			isa = PBXFrameworksBuildPhase;
			buildActionMask = 2147483647;
			files = (
			);
			runOnlyForDeploymentPostprocessing = 0;
		};
		64C08A5B2C82A0660017E510 /* Frameworks */ = {
			isa = PBXFrameworksBuildPhase;
			buildActionMask = 2147483647;
			files = (
			);
			runOnlyForDeploymentPostprocessing = 0;
		};
		64C08A652C82A0660017E510 /* Frameworks */ = {
			isa = PBXFrameworksBuildPhase;
			buildActionMask = 2147483647;
			files = (
			);
			runOnlyForDeploymentPostprocessing = 0;
		};
/* End PBXFrameworksBuildPhase section */

/* Begin PBXGroup section */
		64C08A432C82A0620017E510 = {
			isa = PBXGroup;
			children = (
				64C08A4E2C82A0620017E510 /* FlashCardApp */,
				64C08A612C82A0660017E510 /* FlashCardAppTests */,
				64C08A6B2C82A0660017E510 /* FlashCardAppUITests */,
				64C08A4D2C82A0620017E510 /* Products */,
			);
			sourceTree = "<group>";
		};
		64C08A4D2C82A0620017E510 /* Products */ = {
			isa = PBXGroup;
			children = (
				64C08A4C2C82A0620017E510 /* FlashCardApp.app */,
				64C08A5E2C82A0660017E510 /* FlashCardAppTests.xctest */,
				64C08A682C82A0660017E510 /* FlashCardAppUITests.xctest */,
			);
			name = Products;
			sourceTree = "<group>";
		};
		64C08A4E2C82A0620017E510 /* FlashCardApp */ = {
			isa = PBXGroup;
			children = (
				64C08A4F2C82A0620017E510 /* FlashCardAppApp.swift */,
				64C08A512C82A0620017E510 /* ContentView.swift */,
				64C08A532C82A0620017E510 /* Item.swift */,
				64C08A552C82A0650017E510 /* Assets.xcassets */,
				64C08A572C82A0650017E510 /* Preview Content */,
				64C08A7B2C82A2A30017E510 /* Card.swift */,
				64D5C0DD2C8491FB005E5B77 /* DeckCard.swift */,
				64D5C0DF2C849409005E5B77 /* ManageDeck.swift */,
			);
			path = FlashCardApp;
			sourceTree = "<group>";
		};
		64C08A572C82A0650017E510 /* Preview Content */ = {
			isa = PBXGroup;
			children = (
				64C08A582C82A0650017E510 /* Preview Assets.xcassets */,
			);
			path = "Preview Content";
			sourceTree = "<group>";
		};
		64C08A612C82A0660017E510 /* FlashCardAppTests */ = {
			isa = PBXGroup;
			children = (
				64C08A622C82A0660017E510 /* FlashCardAppTests.swift */,
			);
			path = FlashCardAppTests;
			sourceTree = "<group>";
		};
		64C08A6B2C82A0660017E510 /* FlashCardAppUITests */ = {
			isa = PBXGroup;
			children = (
				64C08A6C2C82A0660017E510 /* FlashCardAppUITests.swift */,
				64C08A6E2C82A0660017E510 /* FlashCardAppUITestsLaunchTests.swift */,
			);
			path = FlashCardAppUITests;
			sourceTree = "<group>";
		};
/* End PBXGroup section */

/* Begin PBXNativeTarget section */
		64C08A4B2C82A0620017E510 /* FlashCardApp */ = {
			isa = PBXNativeTarget;
			buildConfigurationList = 64C08A722C82A0660017E510 /* Build configuration list for PBXNativeTarget "FlashCardApp" */;
			buildPhases = (
				64C08A482C82A0620017E510 /* Sources */,
				64C08A492C82A0620017E510 /* Frameworks */,
				64C08A4A2C82A0620017E510 /* Resources */,
			);
			buildRules = (
			);
			dependencies = (
			);
			name = FlashCardApp;
			productName = FlashCardApp;
			productReference = 64C08A4C2C82A0620017E510 /* FlashCardApp.app */;
			productType = "com.apple.product-type.application";
		};
		64C08A5D2C82A0660017E510 /* FlashCardAppTests */ = {
			isa = PBXNativeTarget;
			buildConfigurationList = 64C08A752C82A0660017E510 /* Build configuration list for PBXNativeTarget "FlashCardAppTests" */;
			buildPhases = (
				64C08A5A2C82A0660017E510 /* Sources */,
				64C08A5B2C82A0660017E510 /* Frameworks */,
				64C08A5C2C82A0660017E510 /* Resources */,
			);
			buildRules = (
			);
			dependencies = (
				64C08A602C82A0660017E510 /* PBXTargetDependency */,
			);
			name = FlashCardAppTests;
			productName = FlashCardAppTests;
			productReference = 64C08A5E2C82A0660017E510 /* FlashCardAppTests.xctest */;
			productType = "com.apple.product-type.bundle.unit-test";
		};
		64C08A672C82A0660017E510 /* FlashCardAppUITests */ = {
			isa = PBXNativeTarget;
			buildConfigurationList = 64C08A782C82A0660017E510 /* Build configuration list for PBXNativeTarget "FlashCardAppUITests" */;
			buildPhases = (
				64C08A642C82A0660017E510 /* Sources */,
				64C08A652C82A0660017E510 /* Frameworks */,
				64C08A662C82A0660017E510 /* Resources */,
			);
			buildRules = (
			);
			dependencies = (
				64C08A6A2C82A0660017E510 /* PBXTargetDependency */,
			);
			name = FlashCardAppUITests;
			productName = FlashCardAppUITests;
			productReference = 64C08A682C82A0660017E510 /* FlashCardAppUITests.xctest */;
			productType = "com.apple.product-type.bundle.ui-testing";
		};
/* End PBXNativeTarget section */

/* Begin PBXProject section */
		64C08A442C82A0620017E510 /* Project object */ = {
			isa = PBXProject;
			attributes = {
				BuildIndependentTargetsInParallel = 1;
				LastSwiftUpdateCheck = 1500;
				LastUpgradeCheck = 1500;
				TargetAttributes = {
					64C08A4B2C82A0620017E510 = {
						CreatedOnToolsVersion = 15.0;
					};
					64C08A5D2C82A0660017E510 = {
						CreatedOnToolsVersion = 15.0;
						TestTargetID = 64C08A4B2C82A0620017E510;
					};
					64C08A672C82A0660017E510 = {
						CreatedOnToolsVersion = 15.0;
						TestTargetID = 64C08A4B2C82A0620017E510;
					};
				};
			};
			buildConfigurationList = 64C08A472C82A0620017E510 /* Build configuration list for PBXProject "FlashCardApp" */;
			compatibilityVersion = "Xcode 14.0";
			developmentRegion = en;
			hasScannedForEncodings = 0;
			knownRegions = (
				en,
				Base,
			);
			mainGroup = 64C08A432C82A0620017E510;
			productRefGroup = 64C08A4D2C82A0620017E510 /* Products */;
			projectDirPath = "";
			projectRoot = "";
			targets = (
				64C08A4B2C82A0620017E510 /* FlashCardApp */,
				64C08A5D2C82A0660017E510 /* FlashCardAppTests */,
				64C08A672C82A0660017E510 /* FlashCardAppUITests */,
			);
		};
/* End PBXProject section */

/* Begin PBXResourcesBuildPhase section */
		64C08A4A2C82A0620017E510 /* Resources */ = {
			isa = PBXResourcesBuildPhase;
			buildActionMask = 2147483647;
			files = (
				64C08A592C82A0650017E510 /* Preview Assets.xcassets in Resources */,
				64C08A562C82A0650017E510 /* Assets.xcassets in Resources */,
			);
			runOnlyForDeploymentPostprocessing = 0;
		};
		64C08A5C2C82A0660017E510 /* Resources */ = {
			isa = PBXResourcesBuildPhase;
			buildActionMask = 2147483647;
			files = (
			);
			runOnlyForDeploymentPostprocessing = 0;
		};
		64C08A662C82A0660017E510 /* Resources */ = {
			isa = PBXResourcesBuildPhase;
			buildActionMask = 2147483647;
			files = (
			);
			runOnlyForDeploymentPostprocessing = 0;
		};
/* End PBXResourcesBuildPhase section */

/* Begin PBXSourcesBuildPhase section */
		64C08A482C82A0620017E510 /* Sources */ = {
			isa = PBXSourcesBuildPhase;
			buildActionMask = 2147483647;
			files = (
				64C08A522C82A0620017E510 /* ContentView.swift in Sources */,
				64D5C0E02C849409005E5B77 /* ManageDeck.swift in Sources */,
				64D5C0DE2C8491FB005E5B77 /* DeckCard.swift in Sources */,
				64C08A542C82A0620017E510 /* Item.swift in Sources */,
				64C08A502C82A0620017E510 /* FlashCardAppApp.swift in Sources */,
				64C08A7C2C82A2A30017E510 /* Card.swift in Sources */,
			);
			runOnlyForDeploymentPostprocessing = 0;
		};
		64C08A5A2C82A0660017E510 /* Sources */ = {
			isa = PBXSourcesBuildPhase;
			buildActionMask = 2147483647;
			files = (
				64C08A632C82A0660017E510 /* FlashCardAppTests.swift in Sources */,
			);
			runOnlyForDeploymentPostprocessing = 0;
		};
		64C08A642C82A0660017E510 /* Sources */ = {
			isa = PBXSourcesBuildPhase;
			buildActionMask = 2147483647;
			files = (
				64C08A6D2C82A0660017E510 /* FlashCardAppUITests.swift in Sources */,
				64C08A6F2C82A0660017E510 /* FlashCardAppUITestsLaunchTests.swift in Sources */,
			);
			runOnlyForDeploymentPostprocessing = 0;
		};
/* End PBXSourcesBuildPhase section */

/* Begin PBXTargetDependency section */
		64C08A602C82A0660017E510 /* PBXTargetDependency */ = {
			isa = PBXTargetDependency;
			target = 64C08A4B2C82A0620017E510 /* FlashCardApp */;
			targetProxy = 64C08A5F2C82A0660017E510 /* PBXContainerItemProxy */;
		};
		64C08A6A2C82A0660017E510 /* PBXTargetDependency */ = {
			isa = PBXTargetDependency;
			target = 64C08A4B2C82A0620017E510 /* FlashCardApp */;
			targetProxy = 64C08A692C82A0660017E510 /* PBXContainerItemProxy */;
		};
/* End PBXTargetDependency section */

/* Begin XCBuildConfiguration section */
		64C08A702C82A0660017E510 /* Debug */ = {
			isa = XCBuildConfiguration;
			buildSettings = {
				ALWAYS_SEARCH_USER_PATHS = NO;
				ASSETCATALOG_COMPILER_GENERATE_SWIFT_ASSET_SYMBOL_EXTENSIONS = YES;
				CLANG_ANALYZER_NONNULL = YES;
				CLANG_ANALYZER_NUMBER_OBJECT_CONVERSION = YES_AGGRESSIVE;
				CLANG_CXX_LANGUAGE_STANDARD = "gnu++20";
				CLANG_ENABLE_MODULES = YES;
				CLANG_ENABLE_OBJC_ARC = YES;
				CLANG_ENABLE_OBJC_WEAK = YES;
				CLANG_WARN_BLOCK_CAPTURE_AUTORELEASING = YES;
				CLANG_WARN_BOOL_CONVERSION = YES;
				CLANG_WARN_COMMA = YES;
				CLANG_WARN_CONSTANT_CONVERSION = YES;
				CLANG_WARN_DEPRECATED_OBJC_IMPLEMENTATIONS = YES;
				CLANG_WARN_DIRECT_OBJC_ISA_USAGE = YES_ERROR;
				CLANG_WARN_DOCUMENTATION_COMMENTS = YES;
				CLANG_WARN_EMPTY_BODY = YES;
				CLANG_WARN_ENUM_CONVERSION = YES;
				CLANG_WARN_INFINITE_RECURSION = YES;
				CLANG_WARN_INT_CONVERSION = YES;
				CLANG_WARN_NON_LITERAL_NULL_CONVERSION = YES;
				CLANG_WARN_OBJC_IMPLICIT_RETAIN_SELF = YES;
				CLANG_WARN_OBJC_LITERAL_CONVERSION = YES;
				CLANG_WARN_OBJC_ROOT_CLASS = YES_ERROR;
				CLANG_WARN_QUOTED_INCLUDE_IN_FRAMEWORK_HEADER = YES;
				CLANG_WARN_RANGE_LOOP_ANALYSIS = YES;
				CLANG_WARN_STRICT_PROTOTYPES = YES;
				CLANG_WARN_SUSPICIOUS_MOVE = YES;
				CLANG_WARN_UNGUARDED_AVAILABILITY = YES_AGGRESSIVE;
				CLANG_WARN_UNREACHABLE_CODE = YES;
				CLANG_WARN__DUPLICATE_METHOD_MATCH = YES;
				COPY_PHASE_STRIP = NO;
				DEBUG_INFORMATION_FORMAT = dwarf;
				ENABLE_STRICT_OBJC_MSGSEND = YES;
				ENABLE_TESTABILITY = YES;
				ENABLE_USER_SCRIPT_SANDBOXING = YES;
				GCC_C_LANGUAGE_STANDARD = gnu17;
				GCC_DYNAMIC_NO_PIC = NO;
				GCC_NO_COMMON_BLOCKS = YES;
				GCC_OPTIMIZATION_LEVEL = 0;
				GCC_PREPROCESSOR_DEFINITIONS = (
					"DEBUG=1",
					"$(inherited)",
				);
				GCC_WARN_64_TO_32_BIT_CONVERSION = YES;
				GCC_WARN_ABOUT_RETURN_TYPE = YES_ERROR;
				GCC_WARN_UNDECLARED_SELECTOR = YES;
				GCC_WARN_UNINITIALIZED_AUTOS = YES_AGGRESSIVE;
				GCC_WARN_UNUSED_FUNCTION = YES;
				GCC_WARN_UNUSED_VARIABLE = YES;
				IPHONEOS_DEPLOYMENT_TARGET = 17.0;
				LOCALIZATION_PREFERS_STRING_CATALOGS = YES;
				MTL_ENABLE_DEBUG_INFO = INCLUDE_SOURCE;
				MTL_FAST_MATH = YES;
				ONLY_ACTIVE_ARCH = YES;
				SDKROOT = iphoneos;
				SWIFT_ACTIVE_COMPILATION_CONDITIONS = "DEBUG $(inherited)";
				SWIFT_OPTIMIZATION_LEVEL = "-Onone";
			};
			name = Debug;
		};
		64C08A712C82A0660017E510 /* Release */ = {
			isa = XCBuildConfiguration;
			buildSettings = {
				ALWAYS_SEARCH_USER_PATHS = NO;
				ASSETCATALOG_COMPILER_GENERATE_SWIFT_ASSET_SYMBOL_EXTENSIONS = YES;
				CLANG_ANALYZER_NONNULL = YES;
				CLANG_ANALYZER_NUMBER_OBJECT_CONVERSION = YES_AGGRESSIVE;
				CLANG_CXX_LANGUAGE_STANDARD = "gnu++20";
				CLANG_ENABLE_MODULES = YES;
				CLANG_ENABLE_OBJC_ARC = YES;
				CLANG_ENABLE_OBJC_WEAK = YES;
				CLANG_WARN_BLOCK_CAPTURE_AUTORELEASING = YES;
				CLANG_WARN_BOOL_CONVERSION = YES;
				CLANG_WARN_COMMA = YES;
				CLANG_WARN_CONSTANT_CONVERSION = YES;
				CLANG_WARN_DEPRECATED_OBJC_IMPLEMENTATIONS = YES;
				CLANG_WARN_DIRECT_OBJC_ISA_USAGE = YES_ERROR;
				CLANG_WARN_DOCUMENTATION_COMMENTS = YES;
				CLANG_WARN_EMPTY_BODY = YES;
				CLANG_WARN_ENUM_CONVERSION = YES;
				CLANG_WARN_INFINITE_RECURSION = YES;
				CLANG_WARN_INT_CONVERSION = YES;
				CLANG_WARN_NON_LITERAL_NULL_CONVERSION = YES;
				CLANG_WARN_OBJC_IMPLICIT_RETAIN_SELF = YES;
				CLANG_WARN_OBJC_LITERAL_CONVERSION = YES;
				CLANG_WARN_OBJC_ROOT_CLASS = YES_ERROR;
				CLANG_WARN_QUOTED_INCLUDE_IN_FRAMEWORK_HEADER = YES;
				CLANG_WARN_RANGE_LOOP_ANALYSIS = YES;
				CLANG_WARN_STRICT_PROTOTYPES = YES;
				CLANG_WARN_SUSPICIOUS_MOVE = YES;
				CLANG_WARN_UNGUARDED_AVAILABILITY = YES_AGGRESSIVE;
				CLANG_WARN_UNREACHABLE_CODE = YES;
				CLANG_WARN__DUPLICATE_METHOD_MATCH = YES;
				COPY_PHASE_STRIP = NO;
				DEBUG_INFORMATION_FORMAT = "dwarf-with-dsym";
				ENABLE_NS_ASSERTIONS = NO;
				ENABLE_STRICT_OBJC_MSGSEND = YES;
				ENABLE_USER_SCRIPT_SANDBOXING = YES;
				GCC_C_LANGUAGE_STANDARD = gnu17;
				GCC_NO_COMMON_BLOCKS = YES;
				GCC_WARN_64_TO_32_BIT_CONVERSION = YES;
				GCC_WARN_ABOUT_RETURN_TYPE = YES_ERROR;
				GCC_WARN_UNDECLARED_SELECTOR = YES;
				GCC_WARN_UNINITIALIZED_AUTOS = YES_AGGRESSIVE;
				GCC_WARN_UNUSED_FUNCTION = YES;
				GCC_WARN_UNUSED_VARIABLE = YES;
				IPHONEOS_DEPLOYMENT_TARGET = 17.0;
				LOCALIZATION_PREFERS_STRING_CATALOGS = YES;
				MTL_ENABLE_DEBUG_INFO = NO;
				MTL_FAST_MATH = YES;
				SDKROOT = iphoneos;
				SWIFT_COMPILATION_MODE = wholemodule;
				VALIDATE_PRODUCT = YES;
			};
			name = Release;
		};
		64C08A732C82A0660017E510 /* Debug */ = {
			isa = XCBuildConfiguration;
			buildSettings = {
				ASSETCATALOG_COMPILER_APPICON_NAME = AppIcon;
				ASSETCATALOG_COMPILER_GLOBAL_ACCENT_COLOR_NAME = AccentColor;
				CODE_SIGN_STYLE = Automatic;
				CURRENT_PROJECT_VERSION = 1;
				DEVELOPMENT_ASSET_PATHS = "\"FlashCardApp/Preview Content\"";
				DEVELOPMENT_TEAM = RDF8D7NQ78;
				ENABLE_PREVIEWS = YES;
				GENERATE_INFOPLIST_FILE = YES;
				INFOPLIST_KEY_UIApplicationSceneManifest_Generation = YES;
				INFOPLIST_KEY_UIApplicationSupportsIndirectInputEvents = YES;
				INFOPLIST_KEY_UILaunchScreen_Generation = YES;
				INFOPLIST_KEY_UISupportedInterfaceOrientations_iPad = "UIInterfaceOrientationPortrait UIInterfaceOrientationPortraitUpsideDown UIInterfaceOrientationLandscapeLeft UIInterfaceOrientationLandscapeRight";
				INFOPLIST_KEY_UISupportedInterfaceOrientations_iPhone = "UIInterfaceOrientationPortrait UIInterfaceOrientationLandscapeLeft UIInterfaceOrientationLandscapeRight";
				LD_RUNPATH_SEARCH_PATHS = (
					"$(inherited)",
					"@executable_path/Frameworks",
				);
				MARKETING_VERSION = 1.0;
				PRODUCT_BUNDLE_IDENTIFIER = com.Prom.FlashCardApp;
				PRODUCT_NAME = "$(TARGET_NAME)";
				SWIFT_EMIT_LOC_STRINGS = YES;
				SWIFT_VERSION = 5.0;
				TARGETED_DEVICE_FAMILY = "1,2";
			};
			name = Debug;
		};
		64C08A742C82A0660017E510 /* Release */ = {
			isa = XCBuildConfiguration;
			buildSettings = {
				ASSETCATALOG_COMPILER_APPICON_NAME = AppIcon;
				ASSETCATALOG_COMPILER_GLOBAL_ACCENT_COLOR_NAME = AccentColor;
				CODE_SIGN_STYLE = Automatic;
				CURRENT_PROJECT_VERSION = 1;
				DEVELOPMENT_ASSET_PATHS = "\"FlashCardApp/Preview Content\"";
				DEVELOPMENT_TEAM = RDF8D7NQ78;
				ENABLE_PREVIEWS = YES;
				GENERATE_INFOPLIST_FILE = YES;
				INFOPLIST_KEY_UIApplicationSceneManifest_Generation = YES;
				INFOPLIST_KEY_UIApplicationSupportsIndirectInputEvents = YES;
				INFOPLIST_KEY_UILaunchScreen_Generation = YES;
				INFOPLIST_KEY_UISupportedInterfaceOrientations_iPad = "UIInterfaceOrientationPortrait UIInterfaceOrientationPortraitUpsideDown UIInterfaceOrientationLandscapeLeft UIInterfaceOrientationLandscapeRight";
				INFOPLIST_KEY_UISupportedInterfaceOrientations_iPhone = "UIInterfaceOrientationPortrait UIInterfaceOrientationLandscapeLeft UIInterfaceOrientationLandscapeRight";
				LD_RUNPATH_SEARCH_PATHS = (
					"$(inherited)",
					"@executable_path/Frameworks",
				);
				MARKETING_VERSION = 1.0;
				PRODUCT_BUNDLE_IDENTIFIER = com.Prom.FlashCardApp;
				PRODUCT_NAME = "$(TARGET_NAME)";
				SWIFT_EMIT_LOC_STRINGS = YES;
				SWIFT_VERSION = 5.0;
				TARGETED_DEVICE_FAMILY = "1,2";
			};
			name = Release;
		};
		64C08A762C82A0660017E510 /* Debug */ = {
			isa = XCBuildConfiguration;
			buildSettings = {
				ALWAYS_EMBED_SWIFT_STANDARD_LIBRARIES = YES;
				BUNDLE_LOADER = "$(TEST_HOST)";
				CODE_SIGN_STYLE = Automatic;
				CURRENT_PROJECT_VERSION = 1;
				DEVELOPMENT_TEAM = RDF8D7NQ78;
				GENERATE_INFOPLIST_FILE = YES;
				IPHONEOS_DEPLOYMENT_TARGET = 17.0;
				MARKETING_VERSION = 1.0;
				PRODUCT_BUNDLE_IDENTIFIER = com.Prom.FlashCardAppTests;
				PRODUCT_NAME = "$(TARGET_NAME)";
				SWIFT_EMIT_LOC_STRINGS = NO;
				SWIFT_VERSION = 5.0;
				TARGETED_DEVICE_FAMILY = "1,2";
				TEST_HOST = "$(BUILT_PRODUCTS_DIR)/FlashCardApp.app/$(BUNDLE_EXECUTABLE_FOLDER_PATH)/FlashCardApp";
			};
			name = Debug;
		};
		64C08A772C82A0660017E510 /* Release */ = {
			isa = XCBuildConfiguration;
			buildSettings = {
				ALWAYS_EMBED_SWIFT_STANDARD_LIBRARIES = YES;
				BUNDLE_LOADER = "$(TEST_HOST)";
				CODE_SIGN_STYLE = Automatic;
				CURRENT_PROJECT_VERSION = 1;
				DEVELOPMENT_TEAM = RDF8D7NQ78;
				GENERATE_INFOPLIST_FILE = YES;
				IPHONEOS_DEPLOYMENT_TARGET = 17.0;
				MARKETING_VERSION = 1.0;
				PRODUCT_BUNDLE_IDENTIFIER = com.Prom.FlashCardAppTests;
				PRODUCT_NAME = "$(TARGET_NAME)";
				SWIFT_EMIT_LOC_STRINGS = NO;
				SWIFT_VERSION = 5.0;
				TARGETED_DEVICE_FAMILY = "1,2";
				TEST_HOST = "$(BUILT_PRODUCTS_DIR)/FlashCardApp.app/$(BUNDLE_EXECUTABLE_FOLDER_PATH)/FlashCardApp";
			};
			name = Release;
		};
		64C08A792C82A0660017E510 /* Debug */ = {
			isa = XCBuildConfiguration;
			buildSettings = {
				ALWAYS_EMBED_SWIFT_STANDARD_LIBRARIES = YES;
				CODE_SIGN_STYLE = Automatic;
				CURRENT_PROJECT_VERSION = 1;
				DEVELOPMENT_TEAM = RDF8D7NQ78;
				GENERATE_INFOPLIST_FILE = YES;
				MARKETING_VERSION = 1.0;
				PRODUCT_BUNDLE_IDENTIFIER = com.Prom.FlashCardAppUITests;
				PRODUCT_NAME = "$(TARGET_NAME)";
				SWIFT_EMIT_LOC_STRINGS = NO;
				SWIFT_VERSION = 5.0;
				TARGETED_DEVICE_FAMILY = "1,2";
				TEST_TARGET_NAME = FlashCardApp;
			};
			name = Debug;
		};
		64C08A7A2C82A0660017E510 /* Release */ = {
			isa = XCBuildConfiguration;
			buildSettings = {
				ALWAYS_EMBED_SWIFT_STANDARD_LIBRARIES = YES;
				CODE_SIGN_STYLE = Automatic;
				CURRENT_PROJECT_VERSION = 1;
				DEVELOPMENT_TEAM = RDF8D7NQ78;
				GENERATE_INFOPLIST_FILE = YES;
				MARKETING_VERSION = 1.0;
				PRODUCT_BUNDLE_IDENTIFIER = com.Prom.FlashCardAppUITests;
				PRODUCT_NAME = "$(TARGET_NAME)";
				SWIFT_EMIT_LOC_STRINGS = NO;
				SWIFT_VERSION = 5.0;
				TARGETED_DEVICE_FAMILY = "1,2";
				TEST_TARGET_NAME = FlashCardApp;
			};
			name = Release;
		};
/* End XCBuildConfiguration section */

/* Begin XCConfigurationList section */
		64C08A472C82A0620017E510 /* Build configuration list for PBXProject "FlashCardApp" */ = {
			isa = XCConfigurationList;
			buildConfigurations = (
				64C08A702C82A0660017E510 /* Debug */,
				64C08A712C82A0660017E510 /* Release */,
			);
			defaultConfigurationIsVisible = 0;
			defaultConfigurationName = Release;
		};
		64C08A722C82A0660017E510 /* Build configuration list for PBXNativeTarget "FlashCardApp" */ = {
			isa = XCConfigurationList;
			buildConfigurations = (
				64C08A732C82A0660017E510 /* Debug */,
				64C08A742C82A0660017E510 /* Release */,
			);
			defaultConfigurationIsVisible = 0;
			defaultConfigurationName = Release;
		};
		64C08A752C82A0660017E510 /* Build configuration list for PBXNativeTarget "FlashCardAppTests" */ = {
			isa = XCConfigurationList;
			buildConfigurations = (
				64C08A762C82A0660017E510 /* Debug */,
				64C08A772C82A0660017E510 /* Release */,
			);
			defaultConfigurationIsVisible = 0;
			defaultConfigurationName = Release;
		};
		64C08A782C82A0660017E510 /* Build configuration list for PBXNativeTarget "FlashCardAppUITests" */ = {
			isa = XCConfigurationList;
			buildConfigurations = (
				64C08A792C82A0660017E510 /* Debug */,
				64C08A7A2C82A0660017E510 /* Release */,
			);
			defaultConfigurationIsVisible = 0;
			defaultConfigurationName = Release;
		};
/* End XCConfigurationList section */
	};
	rootObject = 64C08A442C82A0620017E510 /* Project object */;
}
